Microsoft Visual Studio Solution File, Format Version 12.00
# Visual Studio Version 17
VisualStudioVersion = 17.5.2.0
MinimumVisualStudioVersion = 10.0.40219.1
Project("{FAE04EC0-301F-11D3-BF4B-00C04F79EFBC}") = "CryptoApp", "CryptoApp.csproj", "{229B62E2-3F3F-0088-51B0-25F7207C93E8}"
EndProject
Global
	GlobalSection(SolutionConfigurationPlatforms) = preSolution
		Debug|Any CPU = Debug|Any CPU
		Release|Any CPU = Release|Any CPU
	EndGlobalSection
	GlobalSection(ProjectConfigurationPlatforms) = postSolution
		{229B62E2-3F3F-0088-51B0-25F7207C93E8}.Debug|Any CPU.ActiveCfg = Debug|Any CPU
		{229B62E2-3F3F-0088-51B0-25F7207C93E8}.Debug|Any CPU.Build.0 = Debug|Any CPU
		{229B62E2-3F3F-0088-51B0-25F7207C93E8}.Release|Any CPU.ActiveCfg = Release|Any CPU
		{229B62E2-3F3F-0088-51B0-25F7207C93E8}.Release|Any CPU.Build.0 = Release|Any CPU
	EndGlobalSection
	GlobalSection(SolutionProperties) = preSolution
		HideSolutionNode = FALSE
	EndGlobalSection
	GlobalSection(ExtensibilityGlobals) = postSolution
		SolutionGuid = {F46F8067-F50D-4E5E-8748-15387F75A777}
	EndGlobalSection
EndGlobal
